// !$*UTF8*$!
{
	archiveVersion = 1;
	classes = {
	};
	objectVersion = 46;
	objects = {

/* Begin PBXBuildFile section */
		714FB8EF1F896C9F002FE949 /* Reachability.swift in Sources */ = {isa = PBXBuildFile; fileRef = 714FB8EE1F896C9F002FE949 /* Reachability.swift */; };
		718065711F87ED3C00287C96 /* ConfirmAddPinViewController.swift in Sources */ = {isa = PBXBuildFile; fileRef = 718065701F87ED3C00287C96 /* ConfirmAddPinViewController.swift */; };
		71824DD91F6DEE9E001599B8 /* Pin.swift in Sources */ = {isa = PBXBuildFile; fileRef = 71824DD81F6DEE9E001599B8 /* Pin.swift */; };
		71824DDB1F6DFA1C001599B8 /* LoggedUserPin.swift in Sources */ = {isa = PBXBuildFile; fileRef = 71824DDA1F6DFA1C001599B8 /* LoggedUserPin.swift */; };
		71824DDD1F71A717001599B8 /* ListViewController.swift in Sources */ = {isa = PBXBuildFile; fileRef = 71824DDC1F71A717001599B8 /* ListViewController.swift */; };
		71824DE31F71A911001599B8 /* MapViewController.swift in Sources */ = {isa = PBXBuildFile; fileRef = 71824DE21F71A911001599B8 /* MapViewController.swift */; };
		71824DE51F7561AE001599B8 /* AddPinViewController.swift in Sources */ = {isa = PBXBuildFile; fileRef = 71824DE41F7561AE001599B8 /* AddPinViewController.swift */; };
		71872DEB1F6317290024D269 /* AppDelegate.swift in Sources */ = {isa = PBXBuildFile; fileRef = 71872DEA1F6317290024D269 /* AppDelegate.swift */; };
		71872DF01F6317290024D269 /* Main.storyboard in Resources */ = {isa = PBXBuildFile; fileRef = 71872DEE1F6317290024D269 /* Main.storyboard */; };
		71872DF21F6317290024D269 /* Assets.xcassets in Resources */ = {isa = PBXBuildFile; fileRef = 71872DF11F6317290024D269 /* Assets.xcassets */; };
		71E4A9591F63197C005F8038 /* LaunchScreen.storyboard in Resources */ = {isa = PBXBuildFile; fileRef = 71E4A9581F63197C005F8038 /* LaunchScreen.storyboard */; };
		71E4A95E1F6324EB005F8038 /* GCDBlackBox.swift in Sources */ = {isa = PBXBuildFile; fileRef = 71E4A95D1F6324EB005F8038 /* GCDBlackBox.swift */; };
		71E4A9601F632557005F8038 /* LoginViewController.swift in Sources */ = {isa = PBXBuildFile; fileRef = 71E4A95F1F632557005F8038 /* LoginViewController.swift */; };
		71E4A9671F632589005F8038 /* FBOTMClient.swift in Sources */ = {isa = PBXBuildFile; fileRef = 71E4A9621F632589005F8038 /* FBOTMClient.swift */; };
		71E4A96C1F6325A4005F8038 /* FBOTMConstants.swift in Sources */ = {isa = PBXBuildFile; fileRef = 71E4A96B1F6325A4005F8038 /* FBOTMConstants.swift */; };
		71E4A9771F6341C3005F8038 /* Pins.swift in Sources */ = {isa = PBXBuildFile; fileRef = 71E4A9761F6341C3005F8038 /* Pins.swift */; };
		71E4A97E1F65642D005F8038 /* BorderedButton.swift in Sources */ = {isa = PBXBuildFile; fileRef = 71E4A97D1F65642D005F8038 /* BorderedButton.swift */; };
		71E4A9801F6618DC005F8038 /* ListTableViewCell.swift in Sources */ = {isa = PBXBuildFile; fileRef = 71E4A97F1F6618DC005F8038 /* ListTableViewCell.swift */; };
/* End PBXBuildFile section */

/* Begin PBXFileReference section */
		714FB8EE1F896C9F002FE949 /* Reachability.swift */ = {isa = PBXFileReference; lastKnownFileType = sourcecode.swift; path = Reachability.swift; sourceTree = "<group>"; };
		718065701F87ED3C00287C96 /* ConfirmAddPinViewController.swift */ = {isa = PBXFileReference; lastKnownFileType = sourcecode.swift; path = ConfirmAddPinViewController.swift; sourceTree = "<group>"; };
		71824DD81F6DEE9E001599B8 /* Pin.swift */ = {isa = PBXFileReference; fileEncoding = 4; lastKnownFileType = sourcecode.swift; path = Pin.swift; sourceTree = "<group>"; };
		71824DDA1F6DFA1C001599B8 /* LoggedUserPin.swift */ = {isa = PBXFileReference; fileEncoding = 4; lastKnownFileType = sourcecode.swift; path = LoggedUserPin.swift; sourceTree = "<group>"; };
		71824DDC1F71A717001599B8 /* ListViewController.swift */ = {isa = PBXFileReference; fileEncoding = 4; lastKnownFileType = sourcecode.swift; path = ListViewController.swift; sourceTree = "<group>"; };
		71824DE21F71A911001599B8 /* MapViewController.swift */ = {isa = PBXFileReference; fileEncoding = 4; lastKnownFileType = sourcecode.swift; name = MapViewController.swift; path = ../MapViewController.swift; sourceTree = "<group>"; };
		71824DE41F7561AE001599B8 /* AddPinViewController.swift */ = {isa = PBXFileReference; fileEncoding = 4; lastKnownFileType = sourcecode.swift; path = AddPinViewController.swift; sourceTree = "<group>"; };
		71872DE71F6317290024D269 /* OnTheMap.app */ = {isa = PBXFileReference; explicitFileType = wrapper.application; includeInIndex = 0; path = OnTheMap.app; sourceTree = BUILT_PRODUCTS_DIR; };
		71872DEA1F6317290024D269 /* AppDelegate.swift */ = {isa = PBXFileReference; lastKnownFileType = sourcecode.swift; path = AppDelegate.swift; sourceTree = "<group>"; };
		71872DEF1F6317290024D269 /* Base */ = {isa = PBXFileReference; lastKnownFileType = file.storyboard; name = Base; path = Base.lproj/Main.storyboard; sourceTree = "<group>"; };
		71872DF11F6317290024D269 /* Assets.xcassets */ = {isa = PBXFileReference; lastKnownFileType = folder.assetcatalog; path = Assets.xcassets; sourceTree = "<group>"; };
		71872DF61F6317290024D269 /* Info.plist */ = {isa = PBXFileReference; lastKnownFileType = text.plist.xml; path = Info.plist; sourceTree = "<group>"; };
		71E4A9581F63197C005F8038 /* LaunchScreen.storyboard */ = {isa = PBXFileReference; fileEncoding = 4; lastKnownFileType = file.storyboard; name = LaunchScreen.storyboard; path = ../LaunchScreen.storyboard; sourceTree = "<group>"; };
		71E4A95D1F6324EB005F8038 /* GCDBlackBox.swift */ = {isa = PBXFileReference; fileEncoding = 4; lastKnownFileType = sourcecode.swift; path = GCDBlackBox.swift; sourceTree = "<group>"; };
		71E4A95F1F632557005F8038 /* LoginViewController.swift */ = {isa = PBXFileReference; fileEncoding = 4; lastKnownFileType = sourcecode.swift; path = LoginViewController.swift; sourceTree = "<group>"; };
		71E4A9621F632589005F8038 /* FBOTMClient.swift */ = {isa = PBXFileReference; fileEncoding = 4; lastKnownFileType = sourcecode.swift; path = FBOTMClient.swift; sourceTree = "<group>"; };
		71E4A96B1F6325A4005F8038 /* FBOTMConstants.swift */ = {isa = PBXFileReference; fileEncoding = 4; lastKnownFileType = sourcecode.swift; path = FBOTMConstants.swift; sourceTree = "<group>"; };
		71E4A9761F6341C3005F8038 /* Pins.swift */ = {isa = PBXFileReference; fileEncoding = 4; lastKnownFileType = sourcecode.swift; path = Pins.swift; sourceTree = "<group>"; };
		71E4A97D1F65642D005F8038 /* BorderedButton.swift */ = {isa = PBXFileReference; fileEncoding = 4; lastKnownFileType = sourcecode.swift; path = BorderedButton.swift; sourceTree = "<group>"; };
		71E4A97F1F6618DC005F8038 /* ListTableViewCell.swift */ = {isa = PBXFileReference; fileEncoding = 4; lastKnownFileType = sourcecode.swift; path = ListTableViewCell.swift; sourceTree = "<group>"; };
/* End PBXFileReference section */

/* Begin PBXFrameworksBuildPhase section */
		71872DE41F6317290024D269 /* Frameworks */ = {
			isa = PBXFrameworksBuildPhase;
			buildActionMask = 2147483647;
			files = (
			);
			runOnlyForDeploymentPostprocessing = 0;
		};
/* End PBXFrameworksBuildPhase section */

/* Begin PBXGroup section */
		71872DDE1F6317290024D269 = {
			isa = PBXGroup;
			children = (
				71872DE91F6317290024D269 /* OnTheMap */,
				71872DE81F6317290024D269 /* Products */,
			);
			sourceTree = "<group>";
		};
		71872DE81F6317290024D269 /* Products */ = {
			isa = PBXGroup;
			children = (
				71872DE71F6317290024D269 /* OnTheMap.app */,
			);
			name = Products;
			sourceTree = "<group>";
		};
		71872DE91F6317290024D269 /* OnTheMap */ = {
			isa = PBXGroup;
			children = (
				71872DEA1F6317290024D269 /* AppDelegate.swift */,
				71E4A95D1F6324EB005F8038 /* GCDBlackBox.swift */,
				71872DFF1F6317BC0024D269 /* View */,
				71872E001F6317C50024D269 /* Controller */,
				71E4A9711F6340A1005F8038 /* Custom Cells */,
				71872DFC1F6317870024D269 /* Model */,
				71872E011F6317DB0024D269 /* Assets */,
				71872E021F6317F80024D269 /* Supporting Files */,
			);
			path = OnTheMap;
			sourceTree = "<group>";
		};
		71872DFC1F6317870024D269 /* Model */ = {
			isa = PBXGroup;
			children = (
				71E4A9761F6341C3005F8038 /* Pins.swift */,
				71824DD81F6DEE9E001599B8 /* Pin.swift */,
				71824DDA1F6DFA1C001599B8 /* LoggedUserPin.swift */,
				71872DFD1F6317970024D269 /* Clients */,
			);
			name = Model;
			sourceTree = "<group>";
		};
		71872DFD1F6317970024D269 /* Clients */ = {
			isa = PBXGroup;
			children = (
				71872DFE1F6317A60024D269 /* FirebaseOnTheMap */,
			);
			name = Clients;
			sourceTree = "<group>";
		};
		71872DFE1F6317A60024D269 /* FirebaseOnTheMap */ = {
			isa = PBXGroup;
			children = (
				71E4A96B1F6325A4005F8038 /* FBOTMConstants.swift */,
				71E4A9621F632589005F8038 /* FBOTMClient.swift */,
			);
			name = FirebaseOnTheMap;
			sourceTree = "<group>";
		};
		71872DFF1F6317BC0024D269 /* View */ = {
			isa = PBXGroup;
			children = (
				71E4A97D1F65642D005F8038 /* BorderedButton.swift */,
			);
			name = View;
			sourceTree = "<group>";
		};
		71872E001F6317C50024D269 /* Controller */ = {
			isa = PBXGroup;
			children = (
				71E4A95F1F632557005F8038 /* LoginViewController.swift */,
				71824DDC1F71A717001599B8 /* ListViewController.swift */,
				71824DE21F71A911001599B8 /* MapViewController.swift */,
				71824DE41F7561AE001599B8 /* AddPinViewController.swift */,
				718065701F87ED3C00287C96 /* ConfirmAddPinViewController.swift */,
			);
			name = Controller;
			sourceTree = "<group>";
		};
		71872E011F6317DB0024D269 /* Assets */ = {
			isa = PBXGroup;
			children = (
				714FB8EE1F896C9F002FE949 /* Reachability.swift */,
				71E4A9581F63197C005F8038 /* LaunchScreen.storyboard */,
				71872DEE1F6317290024D269 /* Main.storyboard */,
				71872DF11F6317290024D269 /* Assets.xcassets */,
			);
			name = Assets;
			sourceTree = "<group>";
		};
		71872E021F6317F80024D269 /* Supporting Files */ = {
			isa = PBXGroup;
			children = (
				71872DF61F6317290024D269 /* Info.plist */,
			);
			name = "Supporting Files";
			sourceTree = "<group>";
		};
		71E4A9711F6340A1005F8038 /* Custom Cells */ = {
			isa = PBXGroup;
			children = (
				71E4A97F1F6618DC005F8038 /* ListTableViewCell.swift */,
			);
			name = "Custom Cells";
			sourceTree = "<group>";
		};
/* End PBXGroup section */

/* Begin PBXNativeTarget section */
		71872DE61F6317290024D269 /* OnTheMap */ = {
			isa = PBXNativeTarget;
			buildConfigurationList = 71872DF91F6317290024D269 /* Build configuration list for PBXNativeTarget "OnTheMap" */;
			buildPhases = (
				71872DE31F6317290024D269 /* Sources */,
				71872DE41F6317290024D269 /* Frameworks */,
				71872DE51F6317290024D269 /* Resources */,
			);
			buildRules = (
			);
			dependencies = (
			);
			name = OnTheMap;
			productName = OnTheMap;
			productReference = 71872DE71F6317290024D269 /* OnTheMap.app */;
			productType = "com.apple.product-type.application";
		};
/* End PBXNativeTarget section */

/* Begin PBXProject section */
		71872DDF1F6317290024D269 /* Project object */ = {
			isa = PBXProject;
			attributes = {
				LastSwiftUpdateCheck = 0830;
				LastUpgradeCheck = 0900;
				ORGANIZATIONNAME = "Mauricio A Cabreira";
				TargetAttributes = {
					71872DE61F6317290024D269 = {
						CreatedOnToolsVersion = 8.3.3;
						DevelopmentTeam = M934E62DF7;
						ProvisioningStyle = Automatic;
					};
				};
			};
			buildConfigurationList = 71872DE21F6317290024D269 /* Build configuration list for PBXProject "OnTheMap" */;
			compatibilityVersion = "Xcode 3.2";
			developmentRegion = English;
			hasScannedForEncodings = 0;
			knownRegions = (
				en,
				Base,
			);
			mainGroup = 71872DDE1F6317290024D269;
			productRefGroup = 71872DE81F6317290024D269 /* Products */;
			projectDirPath = "";
			projectRoot = "";
			targets = (
				71872DE61F6317290024D269 /* OnTheMap */,
			);
		};
/* End PBXProject section */

/* Begin PBXResourcesBuildPhase section */
		71872DE51F6317290024D269 /* Resources */ = {
			isa = PBXResourcesBuildPhase;
			buildActionMask = 2147483647;
			files = (
				71E4A9591F63197C005F8038 /* LaunchScreen.storyboard in Resources */,
				71872DF21F6317290024D269 /* Assets.xcassets in Resources */,
				71872DF01F6317290024D269 /* Main.storyboard in Resources */,
			);
			runOnlyForDeploymentPostprocessing = 0;
		};
/* End PBXResourcesBuildPhase section */

/* Begin PBXSourcesBuildPhase section */
		71872DE31F6317290024D269 /* Sources */ = {
			isa = PBXSourcesBuildPhase;
			buildActionMask = 2147483647;
			files = (
				71E4A96C1F6325A4005F8038 /* FBOTMConstants.swift in Sources */,
				71E4A9801F6618DC005F8038 /* ListTableViewCell.swift in Sources */,
				71E4A95E1F6324EB005F8038 /* GCDBlackBox.swift in Sources */,
				71E4A9671F632589005F8038 /* FBOTMClient.swift in Sources */,
				71824DDB1F6DFA1C001599B8 /* LoggedUserPin.swift in Sources */,
				71824DE31F71A911001599B8 /* MapViewController.swift in Sources */,
				71872DEB1F6317290024D269 /* AppDelegate.swift in Sources */,
				71824DD91F6DEE9E001599B8 /* Pin.swift in Sources */,
				714FB8EF1F896C9F002FE949 /* Reachability.swift in Sources */,
				71E4A9601F632557005F8038 /* LoginViewController.swift in Sources */,
				718065711F87ED3C00287C96 /* ConfirmAddPinViewController.swift in Sources */,
				71E4A9771F6341C3005F8038 /* Pins.swift in Sources */,
				71824DDD1F71A717001599B8 /* ListViewController.swift in Sources */,
				71824DE51F7561AE001599B8 /* AddPinViewController.swift in Sources */,
				71E4A97E1F65642D005F8038 /* BorderedButton.swift in Sources */,
			);
			runOnlyForDeploymentPostprocessing = 0;
		};
/* End PBXSourcesBuildPhase section */

/* Begin PBXVariantGroup section */
		71872DEE1F6317290024D269 /* Main.storyboard */ = {
			isa = PBXVariantGroup;
			children = (
				71872DEF1F6317290024D269 /* Base */,
			);
			name = Main.storyboard;
			sourceTree = "<group>";
		};
/* End PBXVariantGroup section */

/* Begin XCBuildConfiguration section */
		71872DF71F6317290024D269 /* Debug */ = {
			isa = XCBuildConfiguration;
			buildSettings = {
				ALWAYS_SEARCH_USER_PATHS = NO;
				CLANG_ANALYZER_NONNULL = YES;
				CLANG_ANALYZER_NUMBER_OBJECT_CONVERSION = YES_AGGRESSIVE;
				CLANG_CXX_LANGUAGE_STANDARD = "gnu++0x";
				CLANG_CXX_LIBRARY = "libc++";
				CLANG_ENABLE_MODULES = YES;
				CLANG_ENABLE_OBJC_ARC = YES;
				CLANG_WARN_BLOCK_CAPTURE_AUTORELEASING = YES;
				CLANG_WARN_BOOL_CONVERSION = YES;
				CLANG_WARN_COMMA = YES;
				CLANG_WARN_CONSTANT_CONVERSION = YES;
				CLANG_WARN_DIRECT_OBJC_ISA_USAGE = YES_ERROR;
				CLANG_WARN_DOCUMENTATION_COMMENTS = YES;
				CLANG_WARN_EMPTY_BODY = YES;
				CLANG_WARN_ENUM_CONVERSION = YES;
				CLANG_WARN_INFINITE_RECURSION = YES;
				CLANG_WARN_INT_CONVERSION = YES;
				CLANG_WARN_NON_LITERAL_NULL_CONVERSION = YES;
				CLANG_WARN_OBJC_LITERAL_CONVERSION = YES;
				CLANG_WARN_OBJC_ROOT_CLASS = YES_ERROR;
				CLANG_WARN_RANGE_LOOP_ANALYSIS = YES;
				CLANG_WARN_STRICT_PROTOTYPES = YES;
				CLANG_WARN_SUSPICIOUS_MOVE = YES;
				CLANG_WARN_UNREACHABLE_CODE = YES;
				CLANG_WARN__DUPLICATE_METHOD_MATCH = YES;
				"CODE_SIGN_IDENTITY[sdk=iphoneos*]" = "iPhone Developer";
				COPY_PHASE_STRIP = NO;
				DEBUG_INFORMATION_FORMAT = dwarf;
				ENABLE_STRICT_OBJC_MSGSEND = YES;
				ENABLE_TESTABILITY = YES;
				GCC_C_LANGUAGE_STANDARD = gnu99;
				GCC_DYNAMIC_NO_PIC = NO;
				GCC_NO_COMMON_BLOCKS = YES;
				GCC_OPTIMIZATION_LEVEL = 0;
				GCC_PREPROCESSOR_DEFINITIONS = (
					"DEBUG=1",
					"$(inherited)",
				);
				GCC_WARN_64_TO_32_BIT_CONVERSION = YES;
				GCC_WARN_ABOUT_RETURN_TYPE = YES_ERROR;
				GCC_WARN_UNDECLARED_SELECTOR = YES;
				GCC_WARN_UNINITIALIZED_AUTOS = YES_AGGRESSIVE;
				GCC_WARN_UNUSED_FUNCTION = YES;
				GCC_WARN_UNUSED_VARIABLE = YES;
				IPHONEOS_DEPLOYMENT_TARGET = 10.3;
				MTL_ENABLE_DEBUG_INFO = YES;
				ONLY_ACTIVE_ARCH = YES;
				SDKROOT = iphoneos;
				SWIFT_ACTIVE_COMPILATION_CONDITIONS = DEBUG;
				SWIFT_OPTIMIZATION_LEVEL = "-Onone";
				TARGETED_DEVICE_FAMILY = "1,2";
			};
			name = Debug;
		};
		71872DF81F6317290024D269 /* Release */ = {
			isa = XCBuildConfiguration;
			buildSettings = {
				ALWAYS_SEARCH_USER_PATHS = NO;
				CLANG_ANALYZER_NONNULL = YES;
				CLANG_ANALYZER_NUMBER_OBJECT_CONVERSION = YES_AGGRESSIVE;
				CLANG_CXX_LANGUAGE_STANDARD = "gnu++0x";
				CLANG_CXX_LIBRARY = "libc++";
				CLANG_ENABLE_MODULES = YES;
				CLANG_ENABLE_OBJC_ARC = YES;
				CLANG_WARN_BLOCK_CAPTURE_AUTORELEASING = YES;
				CLANG_WARN_BOOL_CONVERSION = YES;
				CLANG_WARN_COMMA = YES;
				CLANG_WARN_CONSTANT_CONVERSION = YES;
				CLANG_WARN_DIRECT_OBJC_ISA_USAGE = YES_ERROR;
				CLANG_WARN_DOCUMENTATION_COMMENTS = YES;
				CLANG_WARN_EMPTY_BODY = YES;
				CLANG_WARN_ENUM_CONVERSION = YES;
				CLANG_WARN_INFINITE_RECURSION = YES;
				CLANG_WARN_INT_CONVERSION = YES;
				CLANG_WARN_NON_LITERAL_NULL_CONVERSION = YES;
				CLANG_WARN_OBJC_LITERAL_CONVERSION = YES;
				CLANG_WARN_OBJC_ROOT_CLASS = YES_ERROR;
				CLANG_WARN_RANGE_LOOP_ANALYSIS = YES;
				CLANG_WARN_STRICT_PROTOTYPES = YES;
				CLANG_WARN_SUSPICIOUS_MOVE = YES;
				CLANG_WARN_UNREACHABLE_CODE = YES;
				CLANG_WARN__DUPLICATE_METHOD_MATCH = YES;
				"CODE_SIGN_IDENTITY[sdk=iphoneos*]" = "iPhone Developer";
				COPY_PHASE_STRIP = NO;
				DEBUG_INFORMATION_FORMAT = "dwarf-with-dsym";
				ENABLE_NS_ASSERTIONS = NO;
				ENABLE_STRICT_OBJC_MSGSEND = YES;
				GCC_C_LANGUAGE_STANDARD = gnu99;
				GCC_NO_COMMON_BLOCKS = YES;
				GCC_WARN_64_TO_32_BIT_CONVERSION = YES;
				GCC_WARN_ABOUT_RETURN_TYPE = YES_ERROR;
				GCC_WARN_UNDECLARED_SELECTOR = YES;
				GCC_WARN_UNINITIALIZED_AUTOS = YES_AGGRESSIVE;
				GCC_WARN_UNUSED_FUNCTION = YES;
				GCC_WARN_UNUSED_VARIABLE = YES;
				IPHONEOS_DEPLOYMENT_TARGET = 10.3;
				MTL_ENABLE_DEBUG_INFO = NO;
				SDKROOT = iphoneos;
				SWIFT_OPTIMIZATION_LEVEL = "-Owholemodule";
				TARGETED_DEVICE_FAMILY = "1,2";
				VALIDATE_PRODUCT = YES;
			};
			name = Release;
		};
		71872DFA1F6317290024D269 /* Debug */ = {
			isa = XCBuildConfiguration;
			buildSettings = {
				ASSETCATALOG_COMPILER_APPICON_NAME = AppIcon;
				DEVELOPMENT_TEAM = M934E62DF7;
				INFOPLIST_FILE = OnTheMap/Info.plist;
				LD_RUNPATH_SEARCH_PATHS = "$(inherited) @executable_path/Frameworks";
				PRODUCT_BUNDLE_IDENTIFIER = com.site.runs.OnTheMap;
				PRODUCT_NAME = "$(TARGET_NAME)";
				SWIFT_VERSION = 3.0;
			};
			name = Debug;
		};
		71872DFB1F6317290024D269 /* Release */ = {
			isa = XCBuildConfiguration;
			buildSettings = {
				ASSETCATALOG_COMPILER_APPICON_NAME = AppIcon;
				DEVELOPMENT_TEAM = M934E62DF7;
				INFOPLIST_FILE = OnTheMap/Info.plist;
				LD_RUNPATH_SEARCH_PATHS = "$(inherited) @executable_path/Frameworks";
				PRODUCT_BUNDLE_IDENTIFIER = com.site.runs.OnTheMap;
				PRODUCT_NAME = "$(TARGET_NAME)";
				SWIFT_VERSION = 3.0;
			};
			name = Release;
		};
/* End XCBuildConfiguration section */

/* Begin XCConfigurationList section */
		71872DE21F6317290024D269 /* Build configuration list for PBXProject "OnTheMap" */ = {
			isa = XCConfigurationList;
			buildConfigurations = (
				71872DF71F6317290024D269 /* Debug */,
				71872DF81F6317290024D269 /* Release */,
			);
			defaultConfigurationIsVisible = 0;
			defaultConfigurationName = Release;
		};
		71872DF91F6317290024D269 /* Build configuration list for PBXNativeTarget "OnTheMap" */ = {
			isa = XCConfigurationList;
			buildConfigurations = (
				71872DFA1F6317290024D269 /* Debug */,
				71872DFB1F6317290024D269 /* Release */,
			);
			defaultConfigurationIsVisible = 0;
			defaultConfigurationName = Release;
		};
/* End XCConfigurationList section */
	};
	rootObject = 71872DDF1F6317290024D269 /* Project object */;
}
